
Microsoft Visual Studio Solution File, Format Version 12.00
# Visual Studio Version 16
VisualStudioVersion = 16.0.31229.75
MinimumVisualStudioVersion = 10.0.40219.1
Project("{8BC9CEB8-8B4A-11D0-8D11-00A0C91BC942}") = "Console_menu", "Console_menu.vcxproj", "{86A9A827-4630-4E21-8086-D458E9C3C43C}"
EndProject
Global
	GlobalSection(SolutionConfigurationPlatforms) = preSolution
		Debug|x64 = Debug|x64
		Debug|x86 = Debug|x86
		Release|x64 = Release|x64
		Release|x86 = Release|x86
	EndGlobalSection
	GlobalSection(ProjectConfigurationPlatforms) = postSolution
		{86A9A827-4630-4E21-8086-D458E9C3C43C}.Debug|x64.ActiveCfg = Debug|x64
		{86A9A827-4630-4E21-8086-D458E9C3C43C}.Debug|x64.Build.0 = Debug|x64
		{86A9A827-4630-4E21-8086-D458E9C3C43C}.Debug|x86.ActiveCfg = Debug|Win32
		{86A9A827-4630-4E21-8086-D458E9C3C43C}.Debug|x86.Build.0 = Debug|Win32
		{86A9A827-4630-4E21-8086-D458E9C3C43C}.Release|x64.ActiveCfg = Release|x64
		{86A9A827-4630-4E21-8086-D458E9C3C43C}.Release|x64.Build.0 = Release|x64
		{86A9A827-4630-4E21-8086-D458E9C3C43C}.Release|x86.ActiveCfg = Release|Win32
		{86A9A827-4630-4E21-8086-D458E9C3C43C}.Release|x86.Build.0 = Release|Win32
	EndGlobalSection
	GlobalSection(SolutionProperties) = preSolution
		HideSolutionNode = FALSE
	EndGlobalSection
	GlobalSection(ExtensibilityGlobals) = postSolution
		SolutionGuid = {212F5AFC-9C77-4925-AD72-E0095D0E4D35}
	EndGlobalSection
EndGlobal
